
Microsoft Visual Studio Solution File, Format Version 12.00
# Visual Studio Version 17
VisualStudioVersion = 17.0.31912.275
MinimumVisualStudioVersion = 10.0.40219.1
Project("{9A19103F-16F7-4668-BE54-9A1E7A4F7556}") = "Extensions", "Extensions\Extensions.csproj", "{2AE2DBB5-E20C-4EC4-91B3-EABECDB4D101}"
EndProject
Project("{FAE04EC0-301F-11D3-BF4B-00C04F79EFBC}") = "ConsoleApp1", "ConsoleApp1\ConsoleApp1.csproj", "{9AC64F44-6BAB-4080-BCA7-D9EEB1071135}"
EndProject
Project("{FAE04EC0-301F-11D3-BF4B-00C04F79EFBC}") = "ClassLibrary1", "ClassLibrary1\ClassLibrary1.csproj", "{1DE4F811-BF6D-4421-B7B5-C6D4B0197E10}"
EndProject
Global
	GlobalSection(SolutionConfigurationPlatforms) = preSolution
		Debug|Any CPU = Debug|Any CPU
		Release|Any CPU = Release|Any CPU
	EndGlobalSection
	GlobalSection(ProjectConfigurationPlatforms) = postSolution
		{2AE2DBB5-E20C-4EC4-91B3-EABECDB4D101}.Debug|Any CPU.ActiveCfg = Debug|Any CPU
		{2AE2DBB5-E20C-4EC4-91B3-EABECDB4D101}.Debug|Any CPU.Build.0 = Debug|Any CPU
		{2AE2DBB5-E20C-4EC4-91B3-EABECDB4D101}.Release|Any CPU.ActiveCfg = Release|Any CPU
		{2AE2DBB5-E20C-4EC4-91B3-EABECDB4D101}.Release|Any CPU.Build.0 = Release|Any CPU
		{9AC64F44-6BAB-4080-BCA7-D9EEB1071135}.Debug|Any CPU.ActiveCfg = Debug|Any CPU
		{9AC64F44-6BAB-4080-BCA7-D9EEB1071135}.Debug|Any CPU.Build.0 = Debug|Any CPU
		{9AC64F44-6BAB-4080-BCA7-D9EEB1071135}.Release|Any CPU.ActiveCfg = Release|Any CPU
		{9AC64F44-6BAB-4080-BCA7-D9EEB1071135}.Release|Any CPU.Build.0 = Release|Any CPU
		{1DE4F811-BF6D-4421-B7B5-C6D4B0197E10}.Debug|Any CPU.ActiveCfg = Debug|Any CPU
		{1DE4F811-BF6D-4421-B7B5-C6D4B0197E10}.Debug|Any CPU.Build.0 = Debug|Any CPU
		{1DE4F811-BF6D-4421-B7B5-C6D4B0197E10}.Release|Any CPU.ActiveCfg = Release|Any CPU
		{1DE4F811-BF6D-4421-B7B5-C6D4B0197E10}.Release|Any CPU.Build.0 = Release|Any CPU
	EndGlobalSection
	GlobalSection(SolutionProperties) = preSolution
		HideSolutionNode = FALSE
	EndGlobalSection
	GlobalSection(ExtensibilityGlobals) = postSolution
		SolutionGuid = {A34254D6-1AFE-44F5-A390-21336F88986D}
	EndGlobalSection
EndGlobal
